
Microsoft Visual Studio Solution File, Format Version 12.00
# Visual Studio Version 16
VisualStudioVersion = 16.0.29709.97
MinimumVisualStudioVersion = 10.0.40219.1
Project("{9A19103F-16F7-4668-BE54-9A1E7A4F7556}") = "IoT.WebAPI", "IoTAutomation\IoT.WebAPI.csproj", "{73C556BF-6515-468D-A50D-43F1F1A2CFA3}"
EndProject
Project("{9A19103F-16F7-4668-BE54-9A1E7A4F7556}") = "IoT.DataLayer", "DataLayer\IoT.DataLayer.csproj", "{3C748DFC-3945-490F-AAFD-654CB6A817BB}"
EndProject
Project("{9A19103F-16F7-4668-BE54-9A1E7A4F7556}") = "IoT.BusinessLayer", "IoT.BusinessLayer\IoT.BusinessLayer.csproj", "{D0EF3070-67AE-4E33-B818-7A74FA902D10}"
EndProject
Project("{2150E333-8FDC-42A3-9474-1A3956D46DE8}") = "Solution Items", "Solution Items", "{90CA4FA8-B196-487B-AEF6-E51F046480BB}"
	ProjectSection(SolutionItems) = preProject
		.editorconfig = .editorconfig
	EndProjectSection
EndProject
Project("{9A19103F-16F7-4668-BE54-9A1E7A4F7556}") = "AlexaSmartHomeLambda", "AlexaSmartHomeLamda\AlexaSmartHomeLambda.csproj", "{583114FD-60F4-4771-9C03-DB760394DC9E}"
EndProject
Project("{FAE04EC0-301F-11D3-BF4B-00C04F79EFBC}") = "IoT.WebAPI.Mock", "IoT.WebAPI.Mock\IoT.WebAPI.Mock.csproj", "{8097699E-74D8-46B7-96FA-E7C86A56C229}"
EndProject
Project("{FAE04EC0-301F-11D3-BF4B-00C04F79EFBC}") = "IoT.ModelLayer", "IoT.ModelLayer\IoT.ModelLayer.csproj", "{98066944-03AC-47BB-8992-C5823F917611}"
EndProject
Global
	GlobalSection(SolutionConfigurationPlatforms) = preSolution
		Debug|Any CPU = Debug|Any CPU
		Release|Any CPU = Release|Any CPU
	EndGlobalSection
	GlobalSection(ProjectConfigurationPlatforms) = postSolution
		{73C556BF-6515-468D-A50D-43F1F1A2CFA3}.Debug|Any CPU.ActiveCfg = Debug|Any CPU
		{73C556BF-6515-468D-A50D-43F1F1A2CFA3}.Debug|Any CPU.Build.0 = Debug|Any CPU
		{73C556BF-6515-468D-A50D-43F1F1A2CFA3}.Release|Any CPU.ActiveCfg = Release|Any CPU
		{73C556BF-6515-468D-A50D-43F1F1A2CFA3}.Release|Any CPU.Build.0 = Release|Any CPU
		{3C748DFC-3945-490F-AAFD-654CB6A817BB}.Debug|Any CPU.ActiveCfg = Debug|Any CPU
		{3C748DFC-3945-490F-AAFD-654CB6A817BB}.Debug|Any CPU.Build.0 = Debug|Any CPU
		{3C748DFC-3945-490F-AAFD-654CB6A817BB}.Release|Any CPU.ActiveCfg = Release|Any CPU
		{3C748DFC-3945-490F-AAFD-654CB6A817BB}.Release|Any CPU.Build.0 = Release|Any CPU
		{D0EF3070-67AE-4E33-B818-7A74FA902D10}.Debug|Any CPU.ActiveCfg = Debug|Any CPU
		{D0EF3070-67AE-4E33-B818-7A74FA902D10}.Debug|Any CPU.Build.0 = Debug|Any CPU
		{D0EF3070-67AE-4E33-B818-7A74FA902D10}.Release|Any CPU.ActiveCfg = Release|Any CPU
		{D0EF3070-67AE-4E33-B818-7A74FA902D10}.Release|Any CPU.Build.0 = Release|Any CPU
		{583114FD-60F4-4771-9C03-DB760394DC9E}.Debug|Any CPU.ActiveCfg = Debug|Any CPU
		{583114FD-60F4-4771-9C03-DB760394DC9E}.Debug|Any CPU.Build.0 = Debug|Any CPU
		{583114FD-60F4-4771-9C03-DB760394DC9E}.Release|Any CPU.ActiveCfg = Release|Any CPU
		{583114FD-60F4-4771-9C03-DB760394DC9E}.Release|Any CPU.Build.0 = Release|Any CPU
		{8097699E-74D8-46B7-96FA-E7C86A56C229}.Debug|Any CPU.ActiveCfg = Debug|Any CPU
		{8097699E-74D8-46B7-96FA-E7C86A56C229}.Debug|Any CPU.Build.0 = Debug|Any CPU
		{8097699E-74D8-46B7-96FA-E7C86A56C229}.Release|Any CPU.ActiveCfg = Release|Any CPU
		{8097699E-74D8-46B7-96FA-E7C86A56C229}.Release|Any CPU.Build.0 = Release|Any CPU
		{98066944-03AC-47BB-8992-C5823F917611}.Debug|Any CPU.ActiveCfg = Debug|Any CPU
		{98066944-03AC-47BB-8992-C5823F917611}.Debug|Any CPU.Build.0 = Debug|Any CPU
		{98066944-03AC-47BB-8992-C5823F917611}.Release|Any CPU.ActiveCfg = Release|Any CPU
		{98066944-03AC-47BB-8992-C5823F917611}.Release|Any CPU.Build.0 = Release|Any CPU
	EndGlobalSection
	GlobalSection(SolutionProperties) = preSolution
		HideSolutionNode = FALSE
	EndGlobalSection
	GlobalSection(ExtensibilityGlobals) = postSolution
		SolutionGuid = {75010E7C-CE5C-4A1A-8B04-CD60DA8DA3E9}
	EndGlobalSection
EndGlobal
